// !$*UTF8*$!
{
	archiveVersion = 1;
	classes = {
	};
	objectVersion = 56;
	objects = {

/* Begin PBXBuildFile section */
		AA0001 /* WinampSpotifyPlayerApp.swift in Sources */ = {isa = PBXBuildFile; fileRef = AA0002 /* WinampSpotifyPlayerApp.swift */; };
		AA0003 /* AppDelegate.swift in Sources */ = {isa = PBXBuildFile; fileRef = AA0004 /* AppDelegate.swift */; };
		AA0005 /* Assets.xcassets in Resources */ = {isa = PBXBuildFile; fileRef = AA0006 /* Assets.xcassets */; };
		EA5CD9D82F1D87DC00956F88 /* Playlist.swift in Sources */ = {isa = PBXBuildFile; fileRef = EA5CD9D52F1D87DB00956F88 /* Playlist.swift */; };
		EA5CD9D92F1D87DC00956F88 /* Artist.swift in Sources */ = {isa = PBXBuildFile; fileRef = EA5CD9D32F1D87DB00956F88 /* Artist.swift */; };
		EA5CD9DA2F1D87DC00956F88 /* PlaybackState.swift in Sources */ = {isa = PBXBuildFile; fileRef = EA5CD9D42F1D87DB00956F88 /* PlaybackState.swift */; };
		EA5CD9DB2F1D87DC00956F88 /* User.swift in Sources */ = {isa = PBXBuildFile; fileRef = EA5CD9D72F1D87DB00956F88 /* User.swift */; };
		EA5CD9DC2F1D87DC00956F88 /* Album.swift in Sources */ = {isa = PBXBuildFile; fileRef = EA5CD9D22F1D87DB00956F88 /* Album.swift */; };
		EA5CD9DD2F1D87DC00956F88 /* Track.swift in Sources */ = {isa = PBXBuildFile; fileRef = EA5CD9D62F1D87DB00956F88 /* Track.swift */; };
		EA5CD9E62F1D87EE00956F88 /* PlaybackControlUseCaseProtocol.swift in Sources */ = {isa = PBXBuildFile; fileRef = EA5CD9E12F1D87EE00956F88 /* PlaybackControlUseCaseProtocol.swift */; };
		EA5CD9E72F1D87EE00956F88 /* LibraryManagementUseCase.swift in Sources */ = {isa = PBXBuildFile; fileRef = EA5CD9DE2F1D87EE00956F88 /* LibraryManagementUseCase.swift */; };
		EA5CD9E82F1D87EE00956F88 /* SpotifyAuthUseCase.swift in Sources */ = {isa = PBXBuildFile; fileRef = EA5CD9E42F1D87EE00956F88 /* SpotifyAuthUseCase.swift */; };
		EA5CD9E92F1D87EE00956F88 /* LibraryManagementUseCaseProtocol.swift in Sources */ = {isa = PBXBuildFile; fileRef = EA5CD9DF2F1D87EE00956F88 /* LibraryManagementUseCaseProtocol.swift */; };
		EA5CD9EA2F1D87EE00956F88 /* PlaybackControlUseCase.swift in Sources */ = {isa = PBXBuildFile; fileRef = EA5CD9E02F1D87EE00956F88 /* PlaybackControlUseCase.swift */; };
		EA5CD9EB2F1D87EE00956F88 /* SpotifyAuthUseCaseProtocol.swift in Sources */ = {isa = PBXBuildFile; fileRef = EA5CD9E52F1D87EE00956F88 /* SpotifyAuthUseCaseProtocol.swift */; };
		EA5CD9EC2F1D87EE00956F88 /* QueueManagementUseCaseProtocol.swift in Sources */ = {isa = PBXBuildFile; fileRef = EA5CD9E32F1D87EE00956F88 /* QueueManagementUseCaseProtocol.swift */; };
		EA5CD9ED2F1D87EE00956F88 /* QueueManagementUseCase.swift in Sources */ = {isa = PBXBuildFile; fileRef = EA5CD9E22F1D87EE00956F88 /* QueueManagementUseCase.swift */; };
		EA5CD9F52F1D880300956F88 /* SpotifyAPIRepositoryProtocol.swift in Sources */ = {isa = PBXBuildFile; fileRef = EA5CD9F02F1D880300956F88 /* SpotifyAPIRepositoryProtocol.swift */; };
		EA5CD9F62F1D880300956F88 /* SpotifyPlaybackRepository.swift in Sources */ = {isa = PBXBuildFile; fileRef = EA5CD9F42F1D880300956F88 /* SpotifyPlaybackRepository.swift */; };
		EA5CD9F72F1D880300956F88 /* SpotifyPlaybackRepositoryProtocol.swift in Sources */ = {isa = PBXBuildFile; fileRef = EA5CD9F12F1D880300956F88 /* SpotifyPlaybackRepositoryProtocol.swift */; };
		EA5CD9F82F1D880300956F88 /* SpotifyAPIRepository.swift in Sources */ = {isa = PBXBuildFile; fileRef = EA5CD9F32F1D880300956F88 /* SpotifyAPIRepository.swift */; };
		EA5CD9F92F1D880300956F88 /* KeychainRepository.swift in Sources */ = {isa = PBXBuildFile; fileRef = EA5CD9EE2F1D880300956F88 /* KeychainRepository.swift */; };
		EA5CD9FA2F1D880300956F88 /* KeychainRepositoryProtocol.swift in Sources */ = {isa = PBXBuildFile; fileRef = EA5CD9EF2F1D880300956F88 /* KeychainRepositoryProtocol.swift */; };
		EA5CDA012F1D880C00956F88 /* ArtistDTO.swift in Sources */ = {isa = PBXBuildFile; fileRef = EA5CD9FC2F1D880C00956F88 /* ArtistDTO.swift */; };
		EA5CDA022F1D880C00956F88 /* PlaybackStateDTO.swift in Sources */ = {isa = PBXBuildFile; fileRef = EA5CD9FD2F1D880C00956F88 /* PlaybackStateDTO.swift */; };
		EA5CDA032F1D880C00956F88 /* AlbumDTO.swift in Sources */ = {isa = PBXBuildFile; fileRef = EA5CD9FB2F1D880C00956F88 /* AlbumDTO.swift */; };
		EA5CDA042F1D880C00956F88 /* PlaylistDTO.swift in Sources */ = {isa = PBXBuildFile; fileRef = EA5CD9FE2F1D880C00956F88 /* PlaylistDTO.swift */; };
		EA5CDA052F1D880C00956F88 /* UserDTO.swift in Sources */ = {isa = PBXBuildFile; fileRef = EA5CDA002F1D880C00956F88 /* UserDTO.swift */; };
		EA5CDA062F1D880C00956F88 /* TrackDTO.swift in Sources */ = {isa = PBXBuildFile; fileRef = EA5CD9FF2F1D880C00956F88 /* TrackDTO.swift */; };
		EA5CDA092F1D883A00956F88 /* Color+Winamp.swift in Sources */ = {isa = PBXBuildFile; fileRef = EA5CDA072F1D883900956F88 /* Color+Winamp.swift */; };
		EA5CDA0A2F1D883A00956F88 /* View+Accessibility.swift in Sources */ = {isa = PBXBuildFile; fileRef = EA5CDA082F1D883900956F88 /* View+Accessibility.swift */; };
		EA5CDA0D2F1D884200956F88 /* KeychainError.swift in Sources */ = {isa = PBXBuildFile; fileRef = EA5CDA0B2F1D884200956F88 /* KeychainError.swift */; };
		EA5CDA0E2F1D884200956F88 /* KeychainService.swift in Sources */ = {isa = PBXBuildFile; fileRef = EA5CDA0C2F1D884200956F88 /* KeychainService.swift */; };
		EA5CDA122F1D885300956F88 /* HTTPClient.swift in Sources */ = {isa = PBXBuildFile; fileRef = EA5CDA102F1D885300956F88 /* HTTPClient.swift */; };
		EA5CDA132F1D885300956F88 /* OAuthClient.swift in Sources */ = {isa = PBXBuildFile; fileRef = EA5CDA112F1D885300956F88 /* OAuthClient.swift */; };
		EA5CDA142F1D885300956F88 /* APIError.swift in Sources */ = {isa = PBXBuildFile; fileRef = EA5CDA0F2F1D885300956F88 /* APIError.swift */; };
		EA5CDA162F1D885A00956F88 /* SpotifyConfig.swift in Sources */ = {isa = PBXBuildFile; fileRef = EA5CDA152F1D885A00956F88 /* SpotifyConfig.swift */; };
		EA5CDA1A2F1D887000956F88 /* MainPlayerView.swift in Sources */ = {isa = PBXBuildFile; fileRef = EA5CDA182F1D887000956F88 /* MainPlayerView.swift */; };
		EA5CDA1B2F1D887000956F88 /* AuthenticationView.swift in Sources */ = {isa = PBXBuildFile; fileRef = EA5CDA172F1D887000956F88 /* AuthenticationView.swift */; };
		EA5CDA1C2F1D887000956F88 /* PlaylistWindowView.swift in Sources */ = {isa = PBXBuildFile; fileRef = EA5CDA192F1D887000956F88 /* PlaylistWindowView.swift */; };
		EA5CDA202F1D887900956F88 /* AuthViewModel.swift in Sources */ = {isa = PBXBuildFile; fileRef = EA5CDA1D2F1D887900956F88 /* AuthViewModel.swift */; };
		EA5CDA212F1D887900956F88 /* LibraryViewModel.swift in Sources */ = {isa = PBXBuildFile; fileRef = EA5CDA1E2F1D887900956F88 /* LibraryViewModel.swift */; };
		EA5CDA222F1D887900956F88 /* PlayerViewModel.swift in Sources */ = {isa = PBXBuildFile; fileRef = EA5CDA1F2F1D887900956F88 /* PlayerViewModel.swift */; };
		EA5CDA272F1D888200956F88 /* ProgressBar.swift in Sources */ = {isa = PBXBuildFile; fileRef = EA5CDA242F1D888200956F88 /* ProgressBar.swift */; };
		EA5CDA282F1D888200956F88 /* WinampButton.swift in Sources */ = {isa = PBXBuildFile; fileRef = EA5CDA262F1D888200956F88 /* WinampButton.swift */; };
		EA5CDA292F1D888200956F88 /* LEDDisplay.swift in Sources */ = {isa = PBXBuildFile; fileRef = EA5CDA232F1D888200956F88 /* LEDDisplay.swift */; };
		EA5CDA2A2F1D888200956F88 /* VolumeSlider.swift in Sources */ = {isa = PBXBuildFile; fileRef = EA5CDA252F1D888200956F88 /* VolumeSlider.swift */; };
		EA5CDA2C2F1D898900956F88 /* player.html in Resources */ = {isa = PBXBuildFile; fileRef = EA5CDA2B2F1D898900956F88 /* player.html */; };
		EA5CDA312F1D89AE00956F88 /* NowPlayingInfoUpdater.swift in Sources */ = {isa = PBXBuildFile; fileRef = EA5CDA302F1D89AE00956F88 /* NowPlayingInfoUpdater.swift */; };
		EA5CDA322F1D89AE00956F88 /* MediaKeyHandler.swift in Sources */ = {isa = PBXBuildFile; fileRef = EA5CDA2D2F1D89AE00956F88 /* MediaKeyHandler.swift */; };
		EA5CDA332F1D89AE00956F88 /* MenuBarManager.swift in Sources */ = {isa = PBXBuildFile; fileRef = EA5CDA2E2F1D89AE00956F88 /* MenuBarManager.swift */; };
		EA5CDA342F1D89AE00956F88 /* NotificationManager.swift in Sources */ = {isa = PBXBuildFile; fileRef = EA5CDA2F2F1D89AE00956F88 /* NotificationManager.swift */; };
		EA5CDA362F1D89D200956F88 /* KeychainRepositoryTests.swift in Sources */ = {isa = PBXBuildFile; fileRef = EA5CDA352F1D89D200956F88 /* KeychainRepositoryTests.swift */; };
		EA5CDA382F1D8B7400956F88 /* AppCoordinator.swift in Sources */ = {isa = PBXBuildFile; fileRef = EA5CDA372F1D8B7400956F88 /* AppCoordinator.swift */; };
/* End PBXBuildFile section */

/* Begin PBXContainerItemProxy section */
		AA0077 /* PBXContainerItemProxy */ = {
			isa = PBXContainerItemProxy;
			containerPortal = AA0090 /* Project object */;
			proxyType = 1;
			remoteGlobalIDString = AA0070;
			remoteInfo = WinampSpotifyPlayer;
		};
/* End PBXContainerItemProxy section */

/* Begin PBXFileReference section */
		AA0002 /* WinampSpotifyPlayerApp.swift */ = {isa = PBXFileReference; lastKnownFileType = sourcecode.swift; path = WinampSpotifyPlayerApp.swift; sourceTree = "<group>"; };
		AA0004 /* AppDelegate.swift */ = {isa = PBXFileReference; lastKnownFileType = sourcecode.swift; path = AppDelegate.swift; sourceTree = "<group>"; };
		AA0006 /* Assets.xcassets */ = {isa = PBXFileReference; lastKnownFileType = folder.assetcatalog; path = Assets.xcassets; sourceTree = "<group>"; };
		AA0007 /* Info.plist */ = {isa = PBXFileReference; lastKnownFileType = text.plist.xml; path = Info.plist; sourceTree = "<group>"; };
		AA0008 /* WinampSpotifyPlayer.app */ = {isa = PBXFileReference; explicitFileType = wrapper.application; includeInIndex = 0; path = WinampSpotifyPlayer.app; sourceTree = BUILT_PRODUCTS_DIR; };
		AA0009 /* WinampSpotifyPlayerTests.xctest */ = {isa = PBXFileReference; explicitFileType = wrapper.cfbundle; includeInIndex = 0; path = WinampSpotifyPlayerTests.xctest; sourceTree = BUILT_PRODUCTS_DIR; };
		EA5CD9D22F1D87DB00956F88 /* Album.swift */ = {isa = PBXFileReference; lastKnownFileType = sourcecode.swift; path = Album.swift; sourceTree = "<group>"; };
		EA5CD9D32F1D87DB00956F88 /* Artist.swift */ = {isa = PBXFileReference; lastKnownFileType = sourcecode.swift; path = Artist.swift; sourceTree = "<group>"; };
		EA5CD9D42F1D87DB00956F88 /* PlaybackState.swift */ = {isa = PBXFileReference; lastKnownFileType = sourcecode.swift; path = PlaybackState.swift; sourceTree = "<group>"; };
		EA5CD9D52F1D87DB00956F88 /* Playlist.swift */ = {isa = PBXFileReference; lastKnownFileType = sourcecode.swift; path = Playlist.swift; sourceTree = "<group>"; };
		EA5CD9D62F1D87DB00956F88 /* Track.swift */ = {isa = PBXFileReference; lastKnownFileType = sourcecode.swift; path = Track.swift; sourceTree = "<group>"; };
		EA5CD9D72F1D87DB00956F88 /* User.swift */ = {isa = PBXFileReference; lastKnownFileType = sourcecode.swift; path = User.swift; sourceTree = "<group>"; };
		EA5CD9DE2F1D87EE00956F88 /* LibraryManagementUseCase.swift */ = {isa = PBXFileReference; lastKnownFileType = sourcecode.swift; path = LibraryManagementUseCase.swift; sourceTree = "<group>"; };
		EA5CD9DF2F1D87EE00956F88 /* LibraryManagementUseCaseProtocol.swift */ = {isa = PBXFileReference; lastKnownFileType = sourcecode.swift; path = LibraryManagementUseCaseProtocol.swift; sourceTree = "<group>"; };
		EA5CD9E02F1D87EE00956F88 /* PlaybackControlUseCase.swift */ = {isa = PBXFileReference; lastKnownFileType = sourcecode.swift; path = PlaybackControlUseCase.swift; sourceTree = "<group>"; };
		EA5CD9E12F1D87EE00956F88 /* PlaybackControlUseCaseProtocol.swift */ = {isa = PBXFileReference; lastKnownFileType = sourcecode.swift; path = PlaybackControlUseCaseProtocol.swift; sourceTree = "<group>"; };
		EA5CD9E22F1D87EE00956F88 /* QueueManagementUseCase.swift */ = {isa = PBXFileReference; lastKnownFileType = sourcecode.swift; path = QueueManagementUseCase.swift; sourceTree = "<group>"; };
		EA5CD9E32F1D87EE00956F88 /* QueueManagementUseCaseProtocol.swift */ = {isa = PBXFileReference; lastKnownFileType = sourcecode.swift; path = QueueManagementUseCaseProtocol.swift; sourceTree = "<group>"; };
		EA5CD9E42F1D87EE00956F88 /* SpotifyAuthUseCase.swift */ = {isa = PBXFileReference; lastKnownFileType = sourcecode.swift; path = SpotifyAuthUseCase.swift; sourceTree = "<group>"; };
		EA5CD9E52F1D87EE00956F88 /* SpotifyAuthUseCaseProtocol.swift */ = {isa = PBXFileReference; lastKnownFileType = sourcecode.swift; path = SpotifyAuthUseCaseProtocol.swift; sourceTree = "<group>"; };
		EA5CD9EE2F1D880300956F88 /* KeychainRepository.swift */ = {isa = PBXFileReference; lastKnownFileType = sourcecode.swift; path = KeychainRepository.swift; sourceTree = "<group>"; };
		EA5CD9EF2F1D880300956F88 /* KeychainRepositoryProtocol.swift */ = {isa = PBXFileReference; lastKnownFileType = sourcecode.swift; path = KeychainRepositoryProtocol.swift; sourceTree = "<group>"; };
		EA5CD9F02F1D880300956F88 /* SpotifyAPIRepositoryProtocol.swift */ = {isa = PBXFileReference; lastKnownFileType = sourcecode.swift; path = SpotifyAPIRepositoryProtocol.swift; sourceTree = "<group>"; };
		EA5CD9F12F1D880300956F88 /* SpotifyPlaybackRepositoryProtocol.swift */ = {isa = PBXFileReference; lastKnownFileType = sourcecode.swift; path = SpotifyPlaybackRepositoryProtocol.swift; sourceTree = "<group>"; };
		EA5CD9F32F1D880300956F88 /* SpotifyAPIRepository.swift */ = {isa = PBXFileReference; lastKnownFileType = sourcecode.swift; path = SpotifyAPIRepository.swift; sourceTree = "<group>"; };
		EA5CD9F42F1D880300956F88 /* SpotifyPlaybackRepository.swift */ = {isa = PBXFileReference; lastKnownFileType = sourcecode.swift; path = SpotifyPlaybackRepository.swift; sourceTree = "<group>"; };
		EA5CD9FB2F1D880C00956F88 /* AlbumDTO.swift */ = {isa = PBXFileReference; lastKnownFileType = sourcecode.swift; path = AlbumDTO.swift; sourceTree = "<group>"; };
		EA5CD9FC2F1D880C00956F88 /* ArtistDTO.swift */ = {isa = PBXFileReference; lastKnownFileType = sourcecode.swift; path = ArtistDTO.swift; sourceTree = "<group>"; };
		EA5CD9FD2F1D880C00956F88 /* PlaybackStateDTO.swift */ = {isa = PBXFileReference; lastKnownFileType = sourcecode.swift; path = PlaybackStateDTO.swift; sourceTree = "<group>"; };
		EA5CD9FE2F1D880C00956F88 /* PlaylistDTO.swift */ = {isa = PBXFileReference; lastKnownFileType = sourcecode.swift; path = PlaylistDTO.swift; sourceTree = "<group>"; };
		EA5CD9FF2F1D880C00956F88 /* TrackDTO.swift */ = {isa = PBXFileReference; lastKnownFileType = sourcecode.swift; path = TrackDTO.swift; sourceTree = "<group>"; };
		EA5CDA002F1D880C00956F88 /* UserDTO.swift */ = {isa = PBXFileReference; lastKnownFileType = sourcecode.swift; path = UserDTO.swift; sourceTree = "<group>"; };
		EA5CDA072F1D883900956F88 /* Color+Winamp.swift */ = {isa = PBXFileReference; lastKnownFileType = sourcecode.swift; path = "Color+Winamp.swift"; sourceTree = "<group>"; };
		EA5CDA082F1D883900956F88 /* View+Accessibility.swift */ = {isa = PBXFileReference; lastKnownFileType = sourcecode.swift; path = "View+Accessibility.swift"; sourceTree = "<group>"; };
		EA5CDA0B2F1D884200956F88 /* KeychainError.swift */ = {isa = PBXFileReference; lastKnownFileType = sourcecode.swift; path = KeychainError.swift; sourceTree = "<group>"; };
		EA5CDA0C2F1D884200956F88 /* KeychainService.swift */ = {isa = PBXFileReference; lastKnownFileType = sourcecode.swift; path = KeychainService.swift; sourceTree = "<group>"; };
		EA5CDA0F2F1D885300956F88 /* APIError.swift */ = {isa = PBXFileReference; lastKnownFileType = sourcecode.swift; path = APIError.swift; sourceTree = "<group>"; };
		EA5CDA102F1D885300956F88 /* HTTPClient.swift */ = {isa = PBXFileReference; lastKnownFileType = sourcecode.swift; path = HTTPClient.swift; sourceTree = "<group>"; };
		EA5CDA112F1D885300956F88 /* OAuthClient.swift */ = {isa = PBXFileReference; lastKnownFileType = sourcecode.swift; path = OAuthClient.swift; sourceTree = "<group>"; };
		EA5CDA152F1D885A00956F88 /* SpotifyConfig.swift */ = {isa = PBXFileReference; lastKnownFileType = sourcecode.swift; path = SpotifyConfig.swift; sourceTree = "<group>"; };
		EA5CDA172F1D887000956F88 /* AuthenticationView.swift */ = {isa = PBXFileReference; lastKnownFileType = sourcecode.swift; path = AuthenticationView.swift; sourceTree = "<group>"; };
		EA5CDA182F1D887000956F88 /* MainPlayerView.swift */ = {isa = PBXFileReference; lastKnownFileType = sourcecode.swift; path = MainPlayerView.swift; sourceTree = "<group>"; };
		EA5CDA192F1D887000956F88 /* PlaylistWindowView.swift */ = {isa = PBXFileReference; lastKnownFileType = sourcecode.swift; path = PlaylistWindowView.swift; sourceTree = "<group>"; };
		EA5CDA1D2F1D887900956F88 /* AuthViewModel.swift */ = {isa = PBXFileReference; lastKnownFileType = sourcecode.swift; path = AuthViewModel.swift; sourceTree = "<group>"; };
		EA5CDA1E2F1D887900956F88 /* LibraryViewModel.swift */ = {isa = PBXFileReference; lastKnownFileType = sourcecode.swift; path = LibraryViewModel.swift; sourceTree = "<group>"; };
		EA5CDA1F2F1D887900956F88 /* PlayerViewModel.swift */ = {isa = PBXFileReference; lastKnownFileType = sourcecode.swift; path = PlayerViewModel.swift; sourceTree = "<group>"; };
		EA5CDA232F1D888200956F88 /* LEDDisplay.swift */ = {isa = PBXFileReference; lastKnownFileType = sourcecode.swift; path = LEDDisplay.swift; sourceTree = "<group>"; };
		EA5CDA242F1D888200956F88 /* ProgressBar.swift */ = {isa = PBXFileReference; lastKnownFileType = sourcecode.swift; path = ProgressBar.swift; sourceTree = "<group>"; };
		EA5CDA252F1D888200956F88 /* VolumeSlider.swift */ = {isa = PBXFileReference; lastKnownFileType = sourcecode.swift; path = VolumeSlider.swift; sourceTree = "<group>"; };
		EA5CDA262F1D888200956F88 /* WinampButton.swift */ = {isa = PBXFileReference; lastKnownFileType = sourcecode.swift; path = WinampButton.swift; sourceTree = "<group>"; };
		EA5CDA2B2F1D898900956F88 /* player.html */ = {isa = PBXFileReference; lastKnownFileType = text.html; path = player.html; sourceTree = "<group>"; };
		EA5CDA2D2F1D89AE00956F88 /* MediaKeyHandler.swift */ = {isa = PBXFileReference; lastKnownFileType = sourcecode.swift; path = MediaKeyHandler.swift; sourceTree = "<group>"; };
		EA5CDA2E2F1D89AE00956F88 /* MenuBarManager.swift */ = {isa = PBXFileReference; lastKnownFileType = sourcecode.swift; path = MenuBarManager.swift; sourceTree = "<group>"; };
		EA5CDA2F2F1D89AE00956F88 /* NotificationManager.swift */ = {isa = PBXFileReference; lastKnownFileType = sourcecode.swift; path = NotificationManager.swift; sourceTree = "<group>"; };
		EA5CDA302F1D89AE00956F88 /* NowPlayingInfoUpdater.swift */ = {isa = PBXFileReference; lastKnownFileType = sourcecode.swift; path = NowPlayingInfoUpdater.swift; sourceTree = "<group>"; };
		EA5CDA352F1D89D200956F88 /* KeychainRepositoryTests.swift */ = {isa = PBXFileReference; lastKnownFileType = sourcecode.swift; path = KeychainRepositoryTests.swift; sourceTree = "<group>"; };
		EA5CDA372F1D8B7400956F88 /* AppCoordinator.swift */ = {isa = PBXFileReference; lastKnownFileType = sourcecode.swift; path = AppCoordinator.swift; sourceTree = "<group>"; };
/* End PBXFileReference section */

/* Begin PBXFrameworksBuildPhase section */
		AA0010 /* Frameworks */ = {
			isa = PBXFrameworksBuildPhase;
			buildActionMask = 2147483647;
			files = (
			);
			runOnlyForDeploymentPostprocessing = 0;
		};
		AA0011 /* Frameworks */ = {
			isa = PBXFrameworksBuildPhase;
			buildActionMask = 2147483647;
			files = (
			);
			runOnlyForDeploymentPostprocessing = 0;
		};
/* End PBXFrameworksBuildPhase section */

/* Begin PBXGroup section */
		AA0020 = {
			isa = PBXGroup;
			children = (
				AA0021 /* WinampSpotifyPlayer */,
				AA0022 /* WinampSpotifyPlayerTests */,
				AA0023 /* Products */,
			);
			sourceTree = "<group>";
		};
		AA0021 /* WinampSpotifyPlayer */ = {
			isa = PBXGroup;
			children = (
				AA0030 /* App */,
				AA0031 /* Domain */,
				AA0032 /* Data */,
				AA0033 /* Presentation */,
				AA0034 /* Core */,
				AA0035 /* Services */,
				AA0036 /* Resources */,
			);
			path = WinampSpotifyPlayer;
			sourceTree = "<group>";
		};
		AA0022 /* WinampSpotifyPlayerTests */ = {
			isa = PBXGroup;
			children = (
				AA0040 /* Domain */,
				AA0041 /* Data */,
				AA0042 /* Presentation */,
				AA0043 /* Mocks */,
			);
			path = WinampSpotifyPlayerTests;
			sourceTree = "<group>";
		};
		AA0023 /* Products */ = {
			isa = PBXGroup;
			children = (
				AA0008 /* WinampSpotifyPlayer.app */,
				AA0009 /* WinampSpotifyPlayerTests.xctest */,
			);
			name = Products;
			sourceTree = "<group>";
		};
		AA0030 /* App */ = {
			isa = PBXGroup;
			children = (
				EA5CDA372F1D8B7400956F88 /* AppCoordinator.swift */,
				AA0002 /* WinampSpotifyPlayerApp.swift */,
				AA0004 /* AppDelegate.swift */,
			);
			path = App;
			sourceTree = "<group>";
		};
		AA0031 /* Domain */ = {
			isa = PBXGroup;
			children = (
				AA0050 /* Models */,
				AA0051 /* UseCases */,
			);
			path = Domain;
			sourceTree = "<group>";
		};
		AA0032 /* Data */ = {
			isa = PBXGroup;
			children = (
				AA0052 /* Repositories */,
				AA0053 /* DTOs */,
			);
			path = Data;
			sourceTree = "<group>";
		};
		AA0033 /* Presentation */ = {
			isa = PBXGroup;
			children = (
				AA0054 /* Views */,
				AA0055 /* ViewModels */,
				AA0056 /* Components */,
			);
			path = Presentation;
			sourceTree = "<group>";
		};
		AA0034 /* Core */ = {
			isa = PBXGroup;
			children = (
				EA5CDA152F1D885A00956F88 /* SpotifyConfig.swift */,
				AA0057 /* Networking */,
				AA0058 /* Keychain */,
				AA0059 /* Extensions */,
			);
			path = Core;
			sourceTree = "<group>";
		};
		AA0035 /* Services */ = {
			isa = PBXGroup;
			children = (
				EA5CDA2D2F1D89AE00956F88 /* MediaKeyHandler.swift */,
				EA5CDA2E2F1D89AE00956F88 /* MenuBarManager.swift */,
				EA5CDA2F2F1D89AE00956F88 /* NotificationManager.swift */,
				EA5CDA302F1D89AE00956F88 /* NowPlayingInfoUpdater.swift */,
			);
			path = Services;
			sourceTree = "<group>";
		};
		AA0036 /* Resources */ = {
			isa = PBXGroup;
			children = (
				AA0006 /* Assets.xcassets */,
				AA0060 /* SpotifySDK */,
				AA0007 /* Info.plist */,
			);
			path = Resources;
			sourceTree = "<group>";
		};
		AA0040 /* Domain */ = {
			isa = PBXGroup;
			children = (
				AA0061 /* UseCases */,
			);
			path = Domain;
			sourceTree = "<group>";
		};
		AA0041 /* Data */ = {
			isa = PBXGroup;
			children = (
				AA0062 /* Repositories */,
			);
			path = Data;
			sourceTree = "<group>";
		};
		AA0042 /* Presentation */ = {
			isa = PBXGroup;
			children = (
				AA0063 /* ViewModels */,
			);
			path = Presentation;
			sourceTree = "<group>";
		};
		AA0043 /* Mocks */ = {
			isa = PBXGroup;
			children = (
			);
			path = Mocks;
			sourceTree = "<group>";
		};
		AA0050 /* Models */ = {
			isa = PBXGroup;
			children = (
				EA5CD9D22F1D87DB00956F88 /* Album.swift */,
				EA5CD9D32F1D87DB00956F88 /* Artist.swift */,
				EA5CD9D42F1D87DB00956F88 /* PlaybackState.swift */,
				EA5CD9D52F1D87DB00956F88 /* Playlist.swift */,
				EA5CD9D62F1D87DB00956F88 /* Track.swift */,
				EA5CD9D72F1D87DB00956F88 /* User.swift */,
			);
			path = Models;
			sourceTree = "<group>";
		};
		AA0051 /* UseCases */ = {
			isa = PBXGroup;
			children = (
				EA5CD9DE2F1D87EE00956F88 /* LibraryManagementUseCase.swift */,
				EA5CD9DF2F1D87EE00956F88 /* LibraryManagementUseCaseProtocol.swift */,
				EA5CD9E02F1D87EE00956F88 /* PlaybackControlUseCase.swift */,
				EA5CD9E12F1D87EE00956F88 /* PlaybackControlUseCaseProtocol.swift */,
				EA5CD9E22F1D87EE00956F88 /* QueueManagementUseCase.swift */,
				EA5CD9E32F1D87EE00956F88 /* QueueManagementUseCaseProtocol.swift */,
				EA5CD9E42F1D87EE00956F88 /* SpotifyAuthUseCase.swift */,
				EA5CD9E52F1D87EE00956F88 /* SpotifyAuthUseCaseProtocol.swift */,
			);
			path = UseCases;
			sourceTree = "<group>";
		};
		AA0052 /* Repositories */ = {
			isa = PBXGroup;
			children = (
				EA5CD9EE2F1D880300956F88 /* KeychainRepository.swift */,
				EA5CD9F22F1D880300956F88 /* Protocols */,
				EA5CD9F32F1D880300956F88 /* SpotifyAPIRepository.swift */,
				EA5CD9F42F1D880300956F88 /* SpotifyPlaybackRepository.swift */,
			);
			path = Repositories;
			sourceTree = "<group>";
		};
		AA0053 /* DTOs */ = {
			isa = PBXGroup;
			children = (
				EA5CD9FB2F1D880C00956F88 /* AlbumDTO.swift */,
				EA5CD9FC2F1D880C00956F88 /* ArtistDTO.swift */,
				EA5CD9FD2F1D880C00956F88 /* PlaybackStateDTO.swift */,
				EA5CD9FE2F1D880C00956F88 /* PlaylistDTO.swift */,
				EA5CD9FF2F1D880C00956F88 /* TrackDTO.swift */,
				EA5CDA002F1D880C00956F88 /* UserDTO.swift */,
			);
			path = DTOs;
			sourceTree = "<group>";
		};
		AA0054 /* Views */ = {
			isa = PBXGroup;
			children = (
				EA5CDA172F1D887000956F88 /* AuthenticationView.swift */,
				EA5CDA182F1D887000956F88 /* MainPlayerView.swift */,
				EA5CDA192F1D887000956F88 /* PlaylistWindowView.swift */,
			);
			path = Views;
			sourceTree = "<group>";
		};
		AA0055 /* ViewModels */ = {
			isa = PBXGroup;
			children = (
				EA5CDA1D2F1D887900956F88 /* AuthViewModel.swift */,
				EA5CDA1E2F1D887900956F88 /* LibraryViewModel.swift */,
				EA5CDA1F2F1D887900956F88 /* PlayerViewModel.swift */,
			);
			path = ViewModels;
			sourceTree = "<group>";
		};
		AA0056 /* Components */ = {
			isa = PBXGroup;
			children = (
				EA5CDA232F1D888200956F88 /* LEDDisplay.swift */,
				EA5CDA242F1D888200956F88 /* ProgressBar.swift */,
				EA5CDA252F1D888200956F88 /* VolumeSlider.swift */,
				EA5CDA262F1D888200956F88 /* WinampButton.swift */,
			);
			path = Components;
			sourceTree = "<group>";
		};
		AA0057 /* Networking */ = {
			isa = PBXGroup;
			children = (
				EA5CDA0F2F1D885300956F88 /* APIError.swift */,
				EA5CDA102F1D885300956F88 /* HTTPClient.swift */,
				EA5CDA112F1D885300956F88 /* OAuthClient.swift */,
			);
			path = Networking;
			sourceTree = "<group>";
		};
		AA0058 /* Keychain */ = {
			isa = PBXGroup;
			children = (
				EA5CDA0B2F1D884200956F88 /* KeychainError.swift */,
				EA5CDA0C2F1D884200956F88 /* KeychainService.swift */,
			);
			path = Keychain;
			sourceTree = "<group>";
		};
		AA0059 /* Extensions */ = {
			isa = PBXGroup;
			children = (
				EA5CDA072F1D883900956F88 /* Color+Winamp.swift */,
				EA5CDA082F1D883900956F88 /* View+Accessibility.swift */,
			);
			path = Extensions;
			sourceTree = "<group>";
		};
		AA0060 /* SpotifySDK */ = {
			isa = PBXGroup;
			children = (
				EA5CDA2B2F1D898900956F88 /* player.html */,
			);
			path = SpotifySDK;
			sourceTree = "<group>";
		};
		AA0061 /* UseCases */ = {
			isa = PBXGroup;
			children = (
			);
			path = UseCases;
			sourceTree = "<group>";
		};
		AA0062 /* Repositories */ = {
			isa = PBXGroup;
			children = (
				EA5CDA352F1D89D200956F88 /* KeychainRepositoryTests.swift */,
			);
			path = Repositories;
			sourceTree = "<group>";
		};
		AA0063 /* ViewModels */ = {
			isa = PBXGroup;
			children = (
			);
			path = ViewModels;
			sourceTree = "<group>";
		};
		EA5CD9F22F1D880300956F88 /* Protocols */ = {
			isa = PBXGroup;
			children = (
				EA5CD9EF2F1D880300956F88 /* KeychainRepositoryProtocol.swift */,
				EA5CD9F02F1D880300956F88 /* SpotifyAPIRepositoryProtocol.swift */,
				EA5CD9F12F1D880300956F88 /* SpotifyPlaybackRepositoryProtocol.swift */,
			);
			path = Protocols;
			sourceTree = "<group>";
		};
/* End PBXGroup section */

/* Begin PBXNativeTarget section */
		AA0070 /* WinampSpotifyPlayer */ = {
			isa = PBXNativeTarget;
			buildConfigurationList = AA0080 /* Build configuration list for PBXNativeTarget "WinampSpotifyPlayer" */;
			buildPhases = (
				AA0071 /* Sources */,
				AA0010 /* Frameworks */,
				AA0072 /* Resources */,
			);
			buildRules = (
			);
			dependencies = (
			);
			name = WinampSpotifyPlayer;
			productName = WinampSpotifyPlayer;
			productReference = AA0008 /* WinampSpotifyPlayer.app */;
			productType = "com.apple.product-type.application";
		};
		AA0073 /* WinampSpotifyPlayerTests */ = {
			isa = PBXNativeTarget;
			buildConfigurationList = AA0081 /* Build configuration list for PBXNativeTarget "WinampSpotifyPlayerTests" */;
			buildPhases = (
				AA0074 /* Sources */,
				AA0011 /* Frameworks */,
				AA0075 /* Resources */,
			);
			buildRules = (
			);
			dependencies = (
				AA0076 /* PBXTargetDependency */,
			);
			name = WinampSpotifyPlayerTests;
			productName = WinampSpotifyPlayerTests;
			productReference = AA0009 /* WinampSpotifyPlayerTests.xctest */;
			productType = "com.apple.product-type.bundle.unit-test";
		};
/* End PBXNativeTarget section */

/* Begin PBXProject section */
		AA0090 /* Project object */ = {
			isa = PBXProject;
			attributes = {
				BuildIndependentTargetsInParallel = 1;
				LastSwiftUpdateCheck = 1540;
				LastUpgradeCheck = 2610;
				TargetAttributes = {
					AA0070 = {
						CreatedOnToolsVersion = 15.4;
					};
					AA0073 = {
						CreatedOnToolsVersion = 15.4;
						LastSwiftMigration = 2610;
						TestTargetID = AA0070;
					};
				};
			};
			buildConfigurationList = AA0091 /* Build configuration list for PBXProject "WinampSpotifyPlayer" */;
			compatibilityVersion = "Xcode 14.0";
			developmentRegion = en;
			hasScannedForEncodings = 0;
			knownRegions = (
				en,
				Base,
			);
			mainGroup = AA0020;
			productRefGroup = AA0023 /* Products */;
			projectDirPath = "";
			projectRoot = "";
			targets = (
				AA0070 /* WinampSpotifyPlayer */,
				AA0073 /* WinampSpotifyPlayerTests */,
			);
		};
/* End PBXProject section */

/* Begin PBXResourcesBuildPhase section */
		AA0072 /* Resources */ = {
			isa = PBXResourcesBuildPhase;
			buildActionMask = 2147483647;
			files = (
				AA0005 /* Assets.xcassets in Resources */,
				EA5CDA2C2F1D898900956F88 /* player.html in Resources */,
			);
			runOnlyForDeploymentPostprocessing = 0;
		};
		AA0075 /* Resources */ = {
			isa = PBXResourcesBuildPhase;
			buildActionMask = 2147483647;
			files = (
			);
			runOnlyForDeploymentPostprocessing = 0;
		};
/* End PBXResourcesBuildPhase section */

/* Begin PBXSourcesBuildPhase section */
		AA0071 /* Sources */ = {
			isa = PBXSourcesBuildPhase;
			buildActionMask = 2147483647;
			files = (
				AA0001 /* WinampSpotifyPlayerApp.swift in Sources */,
				EA5CD9D82F1D87DC00956F88 /* Playlist.swift in Sources */,
				EA5CD9D92F1D87DC00956F88 /* Artist.swift in Sources */,
				EA5CD9DA2F1D87DC00956F88 /* PlaybackState.swift in Sources */,
				EA5CDA122F1D885300956F88 /* HTTPClient.swift in Sources */,
				EA5CDA132F1D885300956F88 /* OAuthClient.swift in Sources */,
				EA5CDA142F1D885300956F88 /* APIError.swift in Sources */,
				EA5CDA202F1D887900956F88 /* AuthViewModel.swift in Sources */,
				EA5CDA212F1D887900956F88 /* LibraryViewModel.swift in Sources */,
				EA5CDA222F1D887900956F88 /* PlayerViewModel.swift in Sources */,
				EA5CD9DB2F1D87DC00956F88 /* User.swift in Sources */,
				EA5CD9DC2F1D87DC00956F88 /* Album.swift in Sources */,
				EA5CD9DD2F1D87DC00956F88 /* Track.swift in Sources */,
				EA5CDA012F1D880C00956F88 /* ArtistDTO.swift in Sources */,
				EA5CDA022F1D880C00956F88 /* PlaybackStateDTO.swift in Sources */,
				EA5CDA032F1D880C00956F88 /* AlbumDTO.swift in Sources */,
				EA5CDA042F1D880C00956F88 /* PlaylistDTO.swift in Sources */,
				EA5CDA052F1D880C00956F88 /* UserDTO.swift in Sources */,
				EA5CDA062F1D880C00956F88 /* TrackDTO.swift in Sources */,
				EA5CD9E62F1D87EE00956F88 /* PlaybackControlUseCaseProtocol.swift in Sources */,
				EA5CD9E72F1D87EE00956F88 /* LibraryManagementUseCase.swift in Sources */,
				EA5CDA0D2F1D884200956F88 /* KeychainError.swift in Sources */,
				EA5CDA0E2F1D884200956F88 /* KeychainService.swift in Sources */,
				EA5CDA092F1D883A00956F88 /* Color+Winamp.swift in Sources */,
				EA5CDA1A2F1D887000956F88 /* MainPlayerView.swift in Sources */,
				EA5CDA272F1D888200956F88 /* ProgressBar.swift in Sources */,
				EA5CDA282F1D888200956F88 /* WinampButton.swift in Sources */,
				EA5CDA292F1D888200956F88 /* LEDDisplay.swift in Sources */,
				EA5CDA2A2F1D888200956F88 /* VolumeSlider.swift in Sources */,
				EA5CDA1B2F1D887000956F88 /* AuthenticationView.swift in Sources */,
				EA5CDA1C2F1D887000956F88 /* PlaylistWindowView.swift in Sources */,
				EA5CDA0A2F1D883A00956F88 /* View+Accessibility.swift in Sources */,
				EA5CD9E82F1D87EE00956F88 /* SpotifyAuthUseCase.swift in Sources */,
				EA5CD9E92F1D87EE00956F88 /* LibraryManagementUseCaseProtocol.swift in Sources */,
				EA5CD9EA2F1D87EE00956F88 /* PlaybackControlUseCase.swift in Sources */,
				EA5CD9EB2F1D87EE00956F88 /* SpotifyAuthUseCaseProtocol.swift in Sources */,
				EA5CDA382F1D8B7400956F88 /* AppCoordinator.swift in Sources */,
				EA5CDA162F1D885A00956F88 /* SpotifyConfig.swift in Sources */,
				EA5CDA312F1D89AE00956F88 /* NowPlayingInfoUpdater.swift in Sources */,
				EA5CDA322F1D89AE00956F88 /* MediaKeyHandler.swift in Sources */,
				EA5CDA332F1D89AE00956F88 /* MenuBarManager.swift in Sources */,
				EA5CDA342F1D89AE00956F88 /* NotificationManager.swift in Sources */,
				EA5CD9EC2F1D87EE00956F88 /* QueueManagementUseCaseProtocol.swift in Sources */,
				EA5CD9ED2F1D87EE00956F88 /* QueueManagementUseCase.swift in Sources */,
				EA5CD9F52F1D880300956F88 /* SpotifyAPIRepositoryProtocol.swift in Sources */,
				EA5CD9F62F1D880300956F88 /* SpotifyPlaybackRepository.swift in Sources */,
				EA5CD9F72F1D880300956F88 /* SpotifyPlaybackRepositoryProtocol.swift in Sources */,
				EA5CD9F82F1D880300956F88 /* SpotifyAPIRepository.swift in Sources */,
				EA5CD9F92F1D880300956F88 /* KeychainRepository.swift in Sources */,
				EA5CD9FA2F1D880300956F88 /* KeychainRepositoryProtocol.swift in Sources */,
				AA0003 /* AppDelegate.swift in Sources */,
			);
			runOnlyForDeploymentPostprocessing = 0;
		};
		AA0074 /* Sources */ = {
			isa = PBXSourcesBuildPhase;
			buildActionMask = 2147483647;
			files = (
				EA5CDA362F1D89D200956F88 /* KeychainRepositoryTests.swift in Sources */,
			);
			runOnlyForDeploymentPostprocessing = 0;
		};
/* End PBXSourcesBuildPhase section */

/* Begin PBXTargetDependency section */
		AA0076 /* PBXTargetDependency */ = {
			isa = PBXTargetDependency;
			target = AA0070 /* WinampSpotifyPlayer */;
			targetProxy = AA0077 /* PBXContainerItemProxy */;
		};
/* End PBXTargetDependency section */

/* Begin XCBuildConfiguration section */
		AA0100 /* Debug */ = {
			isa = XCBuildConfiguration;
			buildSettings = {
				ALWAYS_SEARCH_USER_PATHS = NO;
				ASSETCATALOG_COMPILER_GENERATE_SWIFT_ASSET_SYMBOL_EXTENSIONS = YES;
				CLANG_ANALYZER_NONNULL = YES;
				CLANG_ANALYZER_NUMBER_OBJECT_CONVERSION = YES_AGGRESSIVE;
				CLANG_CXX_LANGUAGE_STANDARD = "gnu++20";
				CLANG_ENABLE_MODULES = YES;
				CLANG_ENABLE_OBJC_ARC = YES;
				CLANG_ENABLE_OBJC_WEAK = YES;
				CLANG_WARN_BLOCK_CAPTURE_AUTORELEASING = YES;
				CLANG_WARN_BOOL_CONVERSION = YES;
				CLANG_WARN_COMMA = YES;
				CLANG_WARN_CONSTANT_CONVERSION = YES;
				CLANG_WARN_DEPRECATED_OBJC_IMPLEMENTATIONS = YES;
				CLANG_WARN_DIRECT_OBJC_ISA_USAGE = YES_ERROR;
				CLANG_WARN_DOCUMENTATION_COMMENTS = YES;
				CLANG_WARN_EMPTY_BODY = YES;
				CLANG_WARN_ENUM_CONVERSION = YES;
				CLANG_WARN_INFINITE_RECURSION = YES;
				CLANG_WARN_INT_CONVERSION = YES;
				CLANG_WARN_NON_LITERAL_NULL_CONVERSION = YES;
				CLANG_WARN_OBJC_IMPLICIT_RETAIN_SELF = YES;
				CLANG_WARN_OBJC_LITERAL_CONVERSION = YES;
				CLANG_WARN_OBJC_ROOT_CLASS = YES_ERROR;
				CLANG_WARN_QUOTED_INCLUDE_IN_FRAMEWORK_HEADER = YES;
				CLANG_WARN_RANGE_LOOP_ANALYSIS = YES;
				CLANG_WARN_STRICT_PROTOTYPES = YES;
				CLANG_WARN_SUSPICIOUS_MOVE = YES;
				CLANG_WARN_UNGUARDED_AVAILABILITY = YES_AGGRESSIVE;
				CLANG_WARN_UNREACHABLE_CODE = YES;
				CLANG_WARN__DUPLICATE_METHOD_MATCH = YES;
				COPY_PHASE_STRIP = NO;
				DEAD_CODE_STRIPPING = YES;
				DEBUG_INFORMATION_FORMAT = dwarf;
				ENABLE_STRICT_OBJC_MSGSEND = YES;
				ENABLE_TESTABILITY = YES;
				ENABLE_USER_SCRIPT_SANDBOXING = YES;
				GCC_C_LANGUAGE_STANDARD = gnu17;
				GCC_DYNAMIC_NO_PIC = NO;
				GCC_NO_COMMON_BLOCKS = YES;
				GCC_OPTIMIZATION_LEVEL = 0;
				GCC_PREPROCESSOR_DEFINITIONS = (
					"DEBUG=1",
					"$(inherited)",
				);
				GCC_WARN_64_TO_32_BIT_CONVERSION = YES;
				GCC_WARN_ABOUT_RETURN_TYPE = YES_ERROR;
				GCC_WARN_UNDECLARED_SELECTOR = YES;
				GCC_WARN_UNINITIALIZED_AUTOS = YES_AGGRESSIVE;
				GCC_WARN_UNUSED_FUNCTION = YES;
				GCC_WARN_UNUSED_VARIABLE = YES;
				LOCALIZATION_PREFERS_STRING_CATALOGS = YES;
				MACOSX_DEPLOYMENT_TARGET = 12.0;
				MTL_ENABLE_DEBUG_INFO = INCLUDE_SOURCE;
				MTL_FAST_MATH = YES;
				ONLY_ACTIVE_ARCH = YES;
				SDKROOT = macosx;
				STRING_CATALOG_GENERATE_SYMBOLS = YES;
				SWIFT_ACTIVE_COMPILATION_CONDITIONS = "DEBUG $(inherited)";
				SWIFT_OPTIMIZATION_LEVEL = "-Onone";
				SWIFT_VERSION = 5.0;
			};
			name = Debug;
		};
		AA0101 /* Release */ = {
			isa = XCBuildConfiguration;
			buildSettings = {
				ALWAYS_SEARCH_USER_PATHS = NO;
				ASSETCATALOG_COMPILER_GENERATE_SWIFT_ASSET_SYMBOL_EXTENSIONS = YES;
				CLANG_ANALYZER_NONNULL = YES;
				CLANG_ANALYZER_NUMBER_OBJECT_CONVERSION = YES_AGGRESSIVE;
				CLANG_CXX_LANGUAGE_STANDARD = "gnu++20";
				CLANG_ENABLE_MODULES = YES;
				CLANG_ENABLE_OBJC_ARC = YES;
				CLANG_ENABLE_OBJC_WEAK = YES;
				CLANG_WARN_BLOCK_CAPTURE_AUTORELEASING = YES;
				CLANG_WARN_BOOL_CONVERSION = YES;
				CLANG_WARN_COMMA = YES;
				CLANG_WARN_CONSTANT_CONVERSION = YES;
				CLANG_WARN_DEPRECATED_OBJC_IMPLEMENTATIONS = YES;
				CLANG_WARN_DIRECT_OBJC_ISA_USAGE = YES_ERROR;
				CLANG_WARN_DOCUMENTATION_COMMENTS = YES;
				CLANG_WARN_EMPTY_BODY = YES;
				CLANG_WARN_ENUM_CONVERSION = YES;
				CLANG_WARN_INFINITE_RECURSION = YES;
				CLANG_WARN_INT_CONVERSION = YES;
				CLANG_WARN_NON_LITERAL_NULL_CONVERSION = YES;
				CLANG_WARN_OBJC_IMPLICIT_RETAIN_SELF = YES;
				CLANG_WARN_OBJC_LITERAL_CONVERSION = YES;
				CLANG_WARN_OBJC_ROOT_CLASS = YES_ERROR;
				CLANG_WARN_QUOTED_INCLUDE_IN_FRAMEWORK_HEADER = YES;
				CLANG_WARN_RANGE_LOOP_ANALYSIS = YES;
				CLANG_WARN_STRICT_PROTOTYPES = YES;
				CLANG_WARN_SUSPICIOUS_MOVE = YES;
				CLANG_WARN_UNGUARDED_AVAILABILITY = YES_AGGRESSIVE;
				CLANG_WARN_UNREACHABLE_CODE = YES;
				CLANG_WARN__DUPLICATE_METHOD_MATCH = YES;
				COPY_PHASE_STRIP = NO;
				DEAD_CODE_STRIPPING = YES;
				DEBUG_INFORMATION_FORMAT = "dwarf-with-dsym";
				ENABLE_NS_ASSERTIONS = NO;
				ENABLE_STRICT_OBJC_MSGSEND = YES;
				ENABLE_USER_SCRIPT_SANDBOXING = YES;
				GCC_C_LANGUAGE_STANDARD = gnu17;
				GCC_NO_COMMON_BLOCKS = YES;
				GCC_WARN_64_TO_32_BIT_CONVERSION = YES;
				GCC_WARN_ABOUT_RETURN_TYPE = YES_ERROR;
				GCC_WARN_UNDECLARED_SELECTOR = YES;
				GCC_WARN_UNINITIALIZED_AUTOS = YES_AGGRESSIVE;
				GCC_WARN_UNUSED_FUNCTION = YES;
				GCC_WARN_UNUSED_VARIABLE = YES;
				LOCALIZATION_PREFERS_STRING_CATALOGS = YES;
				MACOSX_DEPLOYMENT_TARGET = 12.0;
				MTL_ENABLE_DEBUG_INFO = NO;
				MTL_FAST_MATH = YES;
				SDKROOT = macosx;
				STRING_CATALOG_GENERATE_SYMBOLS = YES;
				SWIFT_COMPILATION_MODE = wholemodule;
				SWIFT_VERSION = 5.0;
			};
			name = Release;
		};
		AA0102 /* Debug */ = {
			isa = XCBuildConfiguration;
			buildSettings = {
				ASSETCATALOG_COMPILER_APPICON_NAME = AppIcon;
				ASSETCATALOG_COMPILER_GLOBAL_ACCENT_COLOR_NAME = AccentColor;
				CODE_SIGN_ENTITLEMENTS = "";
				CODE_SIGN_STYLE = Automatic;
				COMBINE_HIDPI_IMAGES = YES;
				CURRENT_PROJECT_VERSION = 1;
				DEAD_CODE_STRIPPING = YES;
				DEVELOPMENT_TEAM = "";
				ENABLE_HARDENED_RUNTIME = YES;
				ENABLE_PREVIEWS = YES;
				GENERATE_INFOPLIST_FILE = NO;
				INFOPLIST_FILE = WinampSpotifyPlayer/Resources/Info.plist;
				INFOPLIST_KEY_CFBundleDisplayName = "Winamp Spotify Player";
				INFOPLIST_KEY_LSApplicationCategoryType = "public.app-category.music";
				INFOPLIST_KEY_NSHumanReadableCopyright = "";
				LD_RUNPATH_SEARCH_PATHS = (
					"$(inherited)",
					"@executable_path/../Frameworks",
				);
				MARKETING_VERSION = 1.0;
				PRODUCT_BUNDLE_IDENTIFIER = "com.winamp-spotify-player";
				PRODUCT_NAME = "$(TARGET_NAME)";
				SWIFT_EMIT_LOC_STRINGS = YES;
				SWIFT_VERSION = 5.0;
			};
			name = Debug;
		};
		AA0103 /* Release */ = {
			isa = XCBuildConfiguration;
			buildSettings = {
				ASSETCATALOG_COMPILER_APPICON_NAME = AppIcon;
				ASSETCATALOG_COMPILER_GLOBAL_ACCENT_COLOR_NAME = AccentColor;
				CODE_SIGN_ENTITLEMENTS = "";
				CODE_SIGN_STYLE = Automatic;
				COMBINE_HIDPI_IMAGES = YES;
				CURRENT_PROJECT_VERSION = 1;
				DEAD_CODE_STRIPPING = YES;
				DEVELOPMENT_TEAM = "";
				ENABLE_HARDENED_RUNTIME = YES;
				ENABLE_PREVIEWS = YES;
				GENERATE_INFOPLIST_FILE = NO;
				INFOPLIST_FILE = WinampSpotifyPlayer/Resources/Info.plist;
				INFOPLIST_KEY_CFBundleDisplayName = "Winamp Spotify Player";
				INFOPLIST_KEY_LSApplicationCategoryType = "public.app-category.music";
				INFOPLIST_KEY_NSHumanReadableCopyright = "";
				LD_RUNPATH_SEARCH_PATHS = (
					"$(inherited)",
					"@executable_path/../Frameworks",
				);
				MARKETING_VERSION = 1.0;
				PRODUCT_BUNDLE_IDENTIFIER = "com.winamp-spotify-player";
				PRODUCT_NAME = "$(TARGET_NAME)";
				SWIFT_EMIT_LOC_STRINGS = YES;
				SWIFT_VERSION = 5.0;
			};
			name = Release;
		};
		AA0104 /* Debug */ = {
			isa = XCBuildConfiguration;
			buildSettings = {
				BUNDLE_LOADER = "$(TEST_HOST)";
				CLANG_ENABLE_MODULES = YES;
				CODE_SIGN_STYLE = Automatic;
				CURRENT_PROJECT_VERSION = 1;
				DEAD_CODE_STRIPPING = YES;
				DEVELOPMENT_TEAM = "";
				GENERATE_INFOPLIST_FILE = YES;
				MACOSX_DEPLOYMENT_TARGET = 12.0;
				MARKETING_VERSION = 1.0;
				PRODUCT_BUNDLE_IDENTIFIER = "com.winamp-spotify-player.tests";
				PRODUCT_NAME = "$(TARGET_NAME)";
				SWIFT_EMIT_LOC_STRINGS = NO;
				SWIFT_OPTIMIZATION_LEVEL = "-Onone";
				SWIFT_VERSION = 5.0;
				TEST_HOST = "$(BUILT_PRODUCTS_DIR)/WinampSpotifyPlayer.app/$(BUNDLE_EXECUTABLE_FOLDER_PATH)/WinampSpotifyPlayer";
			};
			name = Debug;
		};
		AA0105 /* Release */ = {
			isa = XCBuildConfiguration;
			buildSettings = {
				BUNDLE_LOADER = "$(TEST_HOST)";
				CLANG_ENABLE_MODULES = YES;
				CODE_SIGN_STYLE = Automatic;
				CURRENT_PROJECT_VERSION = 1;
				DEAD_CODE_STRIPPING = YES;
				DEVELOPMENT_TEAM = "";
				GENERATE_INFOPLIST_FILE = YES;
				MACOSX_DEPLOYMENT_TARGET = 12.0;
				MARKETING_VERSION = 1.0;
				PRODUCT_BUNDLE_IDENTIFIER = "com.winamp-spotify-player.tests";
				PRODUCT_NAME = "$(TARGET_NAME)";
				SWIFT_EMIT_LOC_STRINGS = NO;
				SWIFT_VERSION = 5.0;
				TEST_HOST = "$(BUILT_PRODUCTS_DIR)/WinampSpotifyPlayer.app/$(BUNDLE_EXECUTABLE_FOLDER_PATH)/WinampSpotifyPlayer";
			};
			name = Release;
		};
/* End XCBuildConfiguration section */

/* Begin XCConfigurationList section */
		AA0080 /* Build configuration list for PBXNativeTarget "WinampSpotifyPlayer" */ = {
			isa = XCConfigurationList;
			buildConfigurations = (
				AA0102 /* Debug */,
				AA0103 /* Release */,
			);
			defaultConfigurationIsVisible = 0;
			defaultConfigurationName = Release;
		};
		AA0081 /* Build configuration list for PBXNativeTarget "WinampSpotifyPlayerTests" */ = {
			isa = XCConfigurationList;
			buildConfigurations = (
				AA0104 /* Debug */,
				AA0105 /* Release */,
			);
			defaultConfigurationIsVisible = 0;
			defaultConfigurationName = Release;
		};
		AA0091 /* Build configuration list for PBXProject "WinampSpotifyPlayer" */ = {
			isa = XCConfigurationList;
			buildConfigurations = (
				AA0100 /* Debug */,
				AA0101 /* Release */,
			);
			defaultConfigurationIsVisible = 0;
			defaultConfigurationName = Release;
		};
/* End XCConfigurationList section */
	};
	rootObject = AA0090 /* Project object */;
}
